
Microsoft Visual Studio Solution File, Format Version 12.00
# Visual Studio Version 17
VisualStudioVersion = 17.8.34330.188
MinimumVisualStudioVersion = 10.0.40219.1
Project("{9A19103F-16F7-4668-BE54-9A1E7A4F7556}") = "ECommerce", "ECommerce\ECommerce.csproj", "{EA963CE0-B893-4EAC-B615-FF90A531F3FB}"
EndProject
Project("{9A19103F-16F7-4668-BE54-9A1E7A4F7556}") = "Contracts", "Contracts\Contracts.csproj", "{A7F70147-8B61-44FF-BE3A-3A757B983FE6}"
EndProject
Project("{9A19103F-16F7-4668-BE54-9A1E7A4F7556}") = "LoggerService", "LoggerService\LoggerService.csproj", "{02591988-7EA9-4573-85A9-9F1D3CE5F083}"
EndProject
Project("{9A19103F-16F7-4668-BE54-9A1E7A4F7556}") = "Entities", "Entities\Entities.csproj", "{B39CAEDB-EE36-4BD1-BC27-66C326E16040}"
EndProject
Project("{9A19103F-16F7-4668-BE54-9A1E7A4F7556}") = "Repository", "Repository\Repository.csproj", "{0634E975-1FEA-4B6C-B37A-C8674A93959A}"
EndProject
Project("{9A19103F-16F7-4668-BE54-9A1E7A4F7556}") = "Service.Contracts", "Service.Contracts\Service.Contracts.csproj", "{97EBE2D9-71DE-49AD-8FA7-2E3B88DBDE80}"
EndProject
Project("{9A19103F-16F7-4668-BE54-9A1E7A4F7556}") = "Service", "Service\Service.csproj", "{460F86E9-CE73-4180-98BE-8D18BE5C197C}"
EndProject
Project("{9A19103F-16F7-4668-BE54-9A1E7A4F7556}") = "ECommerce.Presentation", "ECommerce.Presentation\ECommerce.Presentation.csproj", "{796A7584-1327-4BAF-966E-252400CF3395}"
EndProject
Project("{FAE04EC0-301F-11D3-BF4B-00C04F79EFBC}") = "Shared", "Shared\Shared.csproj", "{66E172DF-6181-462A-B0BF-5F948F2A0125}"
EndProject
Global
	GlobalSection(SolutionConfigurationPlatforms) = preSolution
		Debug|Any CPU = Debug|Any CPU
		Release|Any CPU = Release|Any CPU
	EndGlobalSection
	GlobalSection(ProjectConfigurationPlatforms) = postSolution
		{EA963CE0-B893-4EAC-B615-FF90A531F3FB}.Debug|Any CPU.ActiveCfg = Debug|Any CPU
		{EA963CE0-B893-4EAC-B615-FF90A531F3FB}.Debug|Any CPU.Build.0 = Debug|Any CPU
		{EA963CE0-B893-4EAC-B615-FF90A531F3FB}.Release|Any CPU.ActiveCfg = Release|Any CPU
		{EA963CE0-B893-4EAC-B615-FF90A531F3FB}.Release|Any CPU.Build.0 = Release|Any CPU
		{A7F70147-8B61-44FF-BE3A-3A757B983FE6}.Debug|Any CPU.ActiveCfg = Debug|Any CPU
		{A7F70147-8B61-44FF-BE3A-3A757B983FE6}.Debug|Any CPU.Build.0 = Debug|Any CPU
		{A7F70147-8B61-44FF-BE3A-3A757B983FE6}.Release|Any CPU.ActiveCfg = Release|Any CPU
		{A7F70147-8B61-44FF-BE3A-3A757B983FE6}.Release|Any CPU.Build.0 = Release|Any CPU
		{02591988-7EA9-4573-85A9-9F1D3CE5F083}.Debug|Any CPU.ActiveCfg = Debug|Any CPU
		{02591988-7EA9-4573-85A9-9F1D3CE5F083}.Debug|Any CPU.Build.0 = Debug|Any CPU
		{02591988-7EA9-4573-85A9-9F1D3CE5F083}.Release|Any CPU.ActiveCfg = Release|Any CPU
		{02591988-7EA9-4573-85A9-9F1D3CE5F083}.Release|Any CPU.Build.0 = Release|Any CPU
		{B39CAEDB-EE36-4BD1-BC27-66C326E16040}.Debug|Any CPU.ActiveCfg = Debug|Any CPU
		{B39CAEDB-EE36-4BD1-BC27-66C326E16040}.Debug|Any CPU.Build.0 = Debug|Any CPU
		{B39CAEDB-EE36-4BD1-BC27-66C326E16040}.Release|Any CPU.ActiveCfg = Release|Any CPU
		{B39CAEDB-EE36-4BD1-BC27-66C326E16040}.Release|Any CPU.Build.0 = Release|Any CPU
		{0634E975-1FEA-4B6C-B37A-C8674A93959A}.Debug|Any CPU.ActiveCfg = Debug|Any CPU
		{0634E975-1FEA-4B6C-B37A-C8674A93959A}.Debug|Any CPU.Build.0 = Debug|Any CPU
		{0634E975-1FEA-4B6C-B37A-C8674A93959A}.Release|Any CPU.ActiveCfg = Release|Any CPU
		{0634E975-1FEA-4B6C-B37A-C8674A93959A}.Release|Any CPU.Build.0 = Release|Any CPU
		{97EBE2D9-71DE-49AD-8FA7-2E3B88DBDE80}.Debug|Any CPU.ActiveCfg = Debug|Any CPU
		{97EBE2D9-71DE-49AD-8FA7-2E3B88DBDE80}.Debug|Any CPU.Build.0 = Debug|Any CPU
		{97EBE2D9-71DE-49AD-8FA7-2E3B88DBDE80}.Release|Any CPU.ActiveCfg = Release|Any CPU
		{97EBE2D9-71DE-49AD-8FA7-2E3B88DBDE80}.Release|Any CPU.Build.0 = Release|Any CPU
		{460F86E9-CE73-4180-98BE-8D18BE5C197C}.Debug|Any CPU.ActiveCfg = Debug|Any CPU
		{460F86E9-CE73-4180-98BE-8D18BE5C197C}.Debug|Any CPU.Build.0 = Debug|Any CPU
		{460F86E9-CE73-4180-98BE-8D18BE5C197C}.Release|Any CPU.ActiveCfg = Release|Any CPU
		{460F86E9-CE73-4180-98BE-8D18BE5C197C}.Release|Any CPU.Build.0 = Release|Any CPU
		{796A7584-1327-4BAF-966E-252400CF3395}.Debug|Any CPU.ActiveCfg = Debug|Any CPU
		{796A7584-1327-4BAF-966E-252400CF3395}.Debug|Any CPU.Build.0 = Debug|Any CPU
		{796A7584-1327-4BAF-966E-252400CF3395}.Release|Any CPU.ActiveCfg = Release|Any CPU
		{796A7584-1327-4BAF-966E-252400CF3395}.Release|Any CPU.Build.0 = Release|Any CPU
		{66E172DF-6181-462A-B0BF-5F948F2A0125}.Debug|Any CPU.ActiveCfg = Debug|Any CPU
		{66E172DF-6181-462A-B0BF-5F948F2A0125}.Debug|Any CPU.Build.0 = Debug|Any CPU
		{66E172DF-6181-462A-B0BF-5F948F2A0125}.Release|Any CPU.ActiveCfg = Release|Any CPU
		{66E172DF-6181-462A-B0BF-5F948F2A0125}.Release|Any CPU.Build.0 = Release|Any CPU
	EndGlobalSection
	GlobalSection(SolutionProperties) = preSolution
		HideSolutionNode = FALSE
	EndGlobalSection
	GlobalSection(ExtensibilityGlobals) = postSolution
		SolutionGuid = {6B989992-62A9-4A61-9A12-893568F96E21}
	EndGlobalSection
EndGlobal
